// !$*UTF8*$!
{
	archiveVersion = 1;
	classes = {
	};
	objectVersion = 46;
	objects = {

/* Begin PBXBuildFile section */
		2063FFB51D4760A500F6A5DB /* AppDelegate.swift in Sources */ = {isa = PBXBuildFile; fileRef = 2063FFB41D4760A500F6A5DB /* AppDelegate.swift */; };
		2063FFB71D4760A500F6A5DB /* ViewController.swift in Sources */ = {isa = PBXBuildFile; fileRef = 2063FFB61D4760A500F6A5DB /* ViewController.swift */; };
		2063FFBA1D4760A500F6A5DB /* Main.storyboard in Resources */ = {isa = PBXBuildFile; fileRef = 2063FFB81D4760A500F6A5DB /* Main.storyboard */; };
		2063FFBC1D4760A500F6A5DB /* Assets.xcassets in Resources */ = {isa = PBXBuildFile; fileRef = 2063FFBB1D4760A500F6A5DB /* Assets.xcassets */; };
		2063FFBF1D4760A500F6A5DB /* LaunchScreen.storyboard in Resources */ = {isa = PBXBuildFile; fileRef = 2063FFBD1D4760A500F6A5DB /* LaunchScreen.storyboard */; };
		2063FFC71D47C23E00F6A5DB /* calc.wav in Resources */ = {isa = PBXBuildFile; fileRef = 2063FFC61D47C23E00F6A5DB /* calc.wav */; };
/* End PBXBuildFile section */

/* Begin PBXFileReference section */
		2063FFB11D4760A400F6A5DB /* Simple Calculator.app */ = {isa = PBXFileReference; explicitFileType = wrapper.application; includeInIndex = 0; path = "Simple Calculator.app"; sourceTree = BUILT_PRODUCTS_DIR; };
		2063FFB41D4760A500F6A5DB /* AppDelegate.swift */ = {isa = PBXFileReference; lastKnownFileType = sourcecode.swift; path = AppDelegate.swift; sourceTree = "<group>"; };
		2063FFB61D4760A500F6A5DB /* ViewController.swift */ = {isa = PBXFileReference; lastKnownFileType = sourcecode.swift; path = ViewController.swift; sourceTree = "<group>"; };
		2063FFB91D4760A500F6A5DB /* Base */ = {isa = PBXFileReference; lastKnownFileType = file.storyboard; name = Base; path = Base.lproj/Main.storyboard; sourceTree = "<group>"; };
		2063FFBB1D4760A500F6A5DB /* Assets.xcassets */ = {isa = PBXFileReference; lastKnownFileType = folder.assetcatalog; path = Assets.xcassets; sourceTree = "<group>"; };
		2063FFBE1D4760A500F6A5DB /* Base */ = {isa = PBXFileReference; lastKnownFileType = file.storyboard; name = Base; path = Base.lproj/LaunchScreen.storyboard; sourceTree = "<group>"; };
		2063FFC01D4760A500F6A5DB /* Info.plist */ = {isa = PBXFileReference; lastKnownFileType = text.plist.xml; path = Info.plist; sourceTree = "<group>"; };
		2063FFC61D47C23E00F6A5DB /* calc.wav */ = {isa = PBXFileReference; lastKnownFileType = audio.wav; path = calc.wav; sourceTree = "<group>"; };
/* End PBXFileReference section */

/* Begin PBXFrameworksBuildPhase section */
		2063FFAE1D4760A400F6A5DB /* Frameworks */ = {
			isa = PBXFrameworksBuildPhase;
			buildActionMask = 2147483647;
			files = (
			);
			runOnlyForDeploymentPostprocessing = 0;
		};
/* End PBXFrameworksBuildPhase section */

/* Begin PBXGroup section */
		2063FFA81D4760A400F6A5DB = {
			isa = PBXGroup;
			children = (
				2063FFB31D4760A500F6A5DB /* Simple Calculator */,
				2063FFB21D4760A400F6A5DB /* Products */,
			);
			sourceTree = "<group>";
		};
		2063FFB21D4760A400F6A5DB /* Products */ = {
			isa = PBXGroup;
			children = (
				2063FFB11D4760A400F6A5DB /* Simple Calculator.app */,
			);
			name = Products;
			sourceTree = "<group>";
		};
		2063FFB31D4760A500F6A5DB /* Simple Calculator */ = {
			isa = PBXGroup;
			children = (
				2063FFC61D47C23E00F6A5DB /* calc.wav */,
				2063FFB41D4760A500F6A5DB /* AppDelegate.swift */,
				2063FFB61D4760A500F6A5DB /* ViewController.swift */,
				2063FFB81D4760A500F6A5DB /* Main.storyboard */,
				2063FFBB1D4760A500F6A5DB /* Assets.xcassets */,
				2063FFBD1D4760A500F6A5DB /* LaunchScreen.storyboard */,
				2063FFC01D4760A500F6A5DB /* Info.plist */,
			);
			path = "Simple Calculator";
			sourceTree = "<group>";
		};
/* End PBXGroup section */

/* Begin PBXNativeTarget section */
		2063FFB01D4760A400F6A5DB /* Simple Calculator */ = {
			isa = PBXNativeTarget;
			buildConfigurationList = 2063FFC31D4760A500F6A5DB /* Build configuration list for PBXNativeTarget "Simple Calculator" */;
			buildPhases = (
				2063FFAD1D4760A400F6A5DB /* Sources */,
				2063FFAE1D4760A400F6A5DB /* Frameworks */,
				2063FFAF1D4760A400F6A5DB /* Resources */,
			);
			buildRules = (
			);
			dependencies = (
			);
			name = "Simple Calculator";
			productName = "Simple Calculator";
			productReference = 2063FFB11D4760A400F6A5DB /* Simple Calculator.app */;
			productType = "com.apple.product-type.application";
		};
/* End PBXNativeTarget section */

/* Begin PBXProject section */
		2063FFA91D4760A400F6A5DB /* Project object */ = {
			isa = PBXProject;
			attributes = {
				LastSwiftUpdateCheck = 0730;
				LastUpgradeCheck = 0730;
				ORGANIZATIONNAME = "Stuart Sumner - Smith ";
				TargetAttributes = {
					2063FFB01D4760A400F6A5DB = {
						CreatedOnToolsVersion = 7.3.1;
						DevelopmentTeam = 9REL2JA4G6;
					};
				};
			};
			buildConfigurationList = 2063FFAC1D4760A400F6A5DB /* Build configuration list for PBXProject "Simple Calculator" */;
			compatibilityVersion = "Xcode 3.2";
			developmentRegion = English;
			hasScannedForEncodings = 0;
			knownRegions = (
				en,
				Base,
			);
			mainGroup = 2063FFA81D4760A400F6A5DB;
			productRefGroup = 2063FFB21D4760A400F6A5DB /* Products */;
			projectDirPath = "";
			projectRoot = "";
			targets = (
				2063FFB01D4760A400F6A5DB /* Simple Calculator */,
			);
		};
/* End PBXProject section */

/* Begin PBXResourcesBuildPhase section */
		2063FFAF1D4760A400F6A5DB /* Resources */ = {
			isa = PBXResourcesBuildPhase;
			buildActionMask = 2147483647;
			files = (
				2063FFBF1D4760A500F6A5DB /* LaunchScreen.storyboard in Resources */,
				2063FFBC1D4760A500F6A5DB /* Assets.xcassets in Resources */,
				2063FFBA1D4760A500F6A5DB /* Main.storyboard in Resources */,
				2063FFC71D47C23E00F6A5DB /* calc.wav in Resources */,
			);
			runOnlyForDeploymentPostprocessing = 0;
		};
/* End PBXResourcesBuildPhase section */

/* Begin PBXSourcesBuildPhase section */
		2063FFAD1D4760A400F6A5DB /* Sources */ = {
			isa = PBXSourcesBuildPhase;
			buildActionMask = 2147483647;
			files = (
				2063FFB71D4760A500F6A5DB /* ViewController.swift in Sources */,
				2063FFB51D4760A500F6A5DB /* AppDelegate.swift in Sources */,
			);
			runOnlyForDeploymentPostprocessing = 0;
		};
/* End PBXSourcesBuildPhase section */

/* Begin PBXVariantGroup section */
		2063FFB81D4760A500F6A5DB /* Main.storyboard */ = {
			isa = PBXVariantGroup;
			children = (
				2063FFB91D4760A500F6A5DB /* Base */,
			);
			name = Main.storyboard;
			sourceTree = "<group>";
		};
		2063FFBD1D4760A500F6A5DB /* LaunchScreen.storyboard */ = {
			isa = PBXVariantGroup;
			children = (
				2063FFBE1D4760A500F6A5DB /* Base */,
			);
			name = LaunchScreen.storyboard;
			sourceTree = "<group>";
		};
/* End PBXVariantGroup section */

/* Begin XCBuildConfiguration section */
		2063FFC11D4760A500F6A5DB /* Debug */ = {
			isa = XCBuildConfiguration;
			buildSettings = {
				ALWAYS_SEARCH_USER_PATHS = NO;
				CLANG_ANALYZER_NONNULL = YES;
				CLANG_CXX_LANGUAGE_STANDARD = "gnu++0x";
				CLANG_CXX_LIBRARY = "libc++";
				CLANG_ENABLE_MODULES = YES;
				CLANG_ENABLE_OBJC_ARC = YES;
				CLANG_WARN_BOOL_CONVERSION = YES;
				CLANG_WARN_CONSTANT_CONVERSION = YES;
				CLANG_WARN_DIRECT_OBJC_ISA_USAGE = YES_ERROR;
				CLANG_WARN_EMPTY_BODY = YES;
				CLANG_WARN_ENUM_CONVERSION = YES;
				CLANG_WARN_INT_CONVERSION = YES;
				CLANG_WARN_OBJC_ROOT_CLASS = YES_ERROR;
				CLANG_WARN_UNREACHABLE_CODE = YES;
				CLANG_WARN__DUPLICATE_METHOD_MATCH = YES;
				"CODE_SIGN_IDENTITY[sdk=iphoneos*]" = "iPhone Developer";
				COPY_PHASE_STRIP = NO;
				DEBUG_INFORMATION_FORMAT = dwarf;
				ENABLE_STRICT_OBJC_MSGSEND = YES;
				ENABLE_TESTABILITY = YES;
				GCC_C_LANGUAGE_STANDARD = gnu99;
				GCC_DYNAMIC_NO_PIC = NO;
				GCC_NO_COMMON_BLOCKS = YES;
				GCC_OPTIMIZATION_LEVEL = 0;
				GCC_PREPROCESSOR_DEFINITIONS = (
					"DEBUG=1",
					"$(inherited)",
				);
				GCC_WARN_64_TO_32_BIT_CONVERSION = YES;
				GCC_WARN_ABOUT_RETURN_TYPE = YES_ERROR;
				GCC_WARN_UNDECLARED_SELECTOR = YES;
				GCC_WARN_UNINITIALIZED_AUTOS = YES_AGGRESSIVE;
				GCC_WARN_UNUSED_FUNCTION = YES;
				GCC_WARN_UNUSED_VARIABLE = YES;
				IPHONEOS_DEPLOYMENT_TARGET = 9.3;
				MTL_ENABLE_DEBUG_INFO = YES;
				ONLY_ACTIVE_ARCH = YES;
				SDKROOT = iphoneos;
				SWIFT_OPTIMIZATION_LEVEL = "-Onone";
			};
			name = Debug;
		};
		2063FFC21D4760A500F6A5DB /* Release */ = {
			isa = XCBuildConfiguration;
			buildSettings = {
				ALWAYS_SEARCH_USER_PATHS = NO;
				CLANG_ANALYZER_NONNULL = YES;
				CLANG_CXX_LANGUAGE_STANDARD = "gnu++0x";
				CLANG_CXX_LIBRARY = "libc++";
				CLANG_ENABLE_MODULES = YES;
				CLANG_ENABLE_OBJC_ARC = YES;
				CLANG_WARN_BOOL_CONVERSION = YES;
				CLANG_WARN_CONSTANT_CONVERSION = YES;
				CLANG_WARN_DIRECT_OBJC_ISA_USAGE = YES_ERROR;
				CLANG_WARN_EMPTY_BODY = YES;
				CLANG_WARN_ENUM_CONVERSION = YES;
				CLANG_WARN_INT_CONVERSION = YES;
				CLANG_WARN_OBJC_ROOT_CLASS = YES_ERROR;
				CLANG_WARN_UNREACHABLE_CODE = YES;
				CLANG_WARN__DUPLICATE_METHOD_MATCH = YES;
				"CODE_SIGN_IDENTITY[sdk=iphoneos*]" = "iPhone Developer";
				COPY_PHASE_STRIP = NO;
				DEBUG_INFORMATION_FORMAT = "dwarf-with-dsym";
				ENABLE_NS_ASSERTIONS = NO;
				ENABLE_STRICT_OBJC_MSGSEND = YES;
				GCC_C_LANGUAGE_STANDARD = gnu99;
				GCC_NO_COMMON_BLOCKS = YES;
				GCC_WARN_64_TO_32_BIT_CONVERSION = YES;
				GCC_WARN_ABOUT_RETURN_TYPE = YES_ERROR;
				GCC_WARN_UNDECLARED_SELECTOR = YES;
				GCC_WARN_UNINITIALIZED_AUTOS = YES_AGGRESSIVE;
				GCC_WARN_UNUSED_FUNCTION = YES;
				GCC_WARN_UNUSED_VARIABLE = YES;
				IPHONEOS_DEPLOYMENT_TARGET = 9.3;
				MTL_ENABLE_DEBUG_INFO = NO;
				SDKROOT = iphoneos;
				VALIDATE_PRODUCT = YES;
			};
			name = Release;
		};
		2063FFC41D4760A500F6A5DB /* Debug */ = {
			isa = XCBuildConfiguration;
			buildSettings = {
				ASSETCATALOG_COMPILER_APPICON_NAME = AppIcon;
				CODE_SIGN_IDENTITY = "iPhone Developer";
				INFOPLIST_FILE = "Simple Calculator/Info.plist";
				LD_RUNPATH_SEARCH_PATHS = "$(inherited) @executable_path/Frameworks";
				PRODUCT_BUNDLE_IDENTIFIER = "bwlch.Simple-Calculator";
				PRODUCT_NAME = "$(TARGET_NAME)";
			};
			name = Debug;
		};
		2063FFC51D4760A500F6A5DB /* Release */ = {
			isa = XCBuildConfiguration;
			buildSettings = {
				ASSETCATALOG_COMPILER_APPICON_NAME = AppIcon;
				CODE_SIGN_IDENTITY = "iPhone Developer";
				INFOPLIST_FILE = "Simple Calculator/Info.plist";
				LD_RUNPATH_SEARCH_PATHS = "$(inherited) @executable_path/Frameworks";
				PRODUCT_BUNDLE_IDENTIFIER = "bwlch.Simple-Calculator";
				PRODUCT_NAME = "$(TARGET_NAME)";
			};
			name = Release;
		};
/* End XCBuildConfiguration section */

/* Begin XCConfigurationList section */
		2063FFAC1D4760A400F6A5DB /* Build configuration list for PBXProject "Simple Calculator" */ = {
			isa = XCConfigurationList;
			buildConfigurations = (
				2063FFC11D4760A500F6A5DB /* Debug */,
				2063FFC21D4760A500F6A5DB /* Release */,
			);
			defaultConfigurationIsVisible = 0;
			defaultConfigurationName = Release;
		};
		2063FFC31D4760A500F6A5DB /* Build configuration list for PBXNativeTarget "Simple Calculator" */ = {
			isa = XCConfigurationList;
			buildConfigurations = (
				2063FFC41D4760A500F6A5DB /* Debug */,
				2063FFC51D4760A500F6A5DB /* Release */,
			);
			defaultConfigurationIsVisible = 0;
		};
/* End XCConfigurationList section */
	};
	rootObject = 2063FFA91D4760A400F6A5DB /* Project object */;
}
